// !$*UTF8*$!
{
	archiveVersion = 1;
	classes = {
	};
	objectVersion = 46;
	objects = {

/* Begin PBXBuildFile section */
		7506D8BC1C53E432003569B6 /* YHChartCell.m in Sources */ = {isa = PBXBuildFile; fileRef = 7506D8BB1C53E432003569B6 /* YHChartCell.m */; };
		7506D8C01C53E44F003569B6 /* YHStatus.m in Sources */ = {isa = PBXBuildFile; fileRef = 7506D8BF1C53E44F003569B6 /* YHStatus.m */; };
		7506D8C31C53E464003569B6 /* MessageTableViewController.m in Sources */ = {isa = PBXBuildFile; fileRef = 7506D8C21C53E464003569B6 /* MessageTableViewController.m */; };
		7578DF761C240041003C6983 /* Message.storyboard in Resources */ = {isa = PBXBuildFile; fileRef = 7578DF751C240041003C6983 /* Message.storyboard */; };
		7578DF7F1C2409CB003C6983 /* ChatTogetherController.m in Sources */ = {isa = PBXBuildFile; fileRef = 7578DF7E1C2409CB003C6983 /* ChatTogetherController.m */; };
		758E9DA41C16D58F00C78FDF /* YHChartCell.xib in Resources */ = {isa = PBXBuildFile; fileRef = 758E9DA31C16D58F00C78FDF /* YHChartCell.xib */; };
		7595D12F1C5E16960051C3E5 /* ChatViewController.m in Sources */ = {isa = PBXBuildFile; fileRef = 7595D12E1C5E16960051C3E5 /* ChatViewController.m */; };
		7595D13F1C5E428F0051C3E5 /* arrow.png in Resources */ = {isa = PBXBuildFile; fileRef = 7595D13E1C5E428F0051C3E5 /* arrow.png */; };
		7598F51F1C571A7B0034C958 /* Reveal.framework in Frameworks */ = {isa = PBXBuildFile; fileRef = 7598F51E1C571A7B0034C958 /* Reveal.framework */; };
		7598F5211C571C6A0034C958 /* libz.tbd in Frameworks */ = {isa = PBXBuildFile; fileRef = 7598F5201C571C6A0034C958 /* libz.tbd */; };
		7598F5241C573F230034C958 /* GoChatTableViewController.m in Sources */ = {isa = PBXBuildFile; fileRef = 7598F5231C573F230034C958 /* GoChatTableViewController.m */; };
		98DF4F70C0492E08DE13F9EE /* libPods.a in Frameworks */ = {isa = PBXBuildFile; fileRef = 5DE98627A4B3D459F2EC6716 /* libPods.a */; };
		A11618AD1C54A11800A65C3E /* YHNewCommentsViewController.m in Sources */ = {isa = PBXBuildFile; fileRef = A11618AC1C54A11800A65C3E /* YHNewCommentsViewController.m */; };
		A11618AF1C54A4A400A65C3E /* YHPublishViewController.m in Sources */ = {isa = PBXBuildFile; fileRef = A11618AE1C54A4A400A65C3E /* YHPublishViewController.m */; };
		A146705A1C54AB7E00B268E4 /* YHNewsLocationSelector.m in Sources */ = {isa = PBXBuildFile; fileRef = A14670591C54AB7E00B268E4 /* YHNewsLocationSelector.m */; };
		A146705D1C54C95700B268E4 /* YHTimelineViewController.m in Sources */ = {isa = PBXBuildFile; fileRef = A146705C1C54C95700B268E4 /* YHTimelineViewController.m */; };
		A14E73291C1AE0CF000406D8 /* YHNewsCellController.m in Sources */ = {isa = PBXBuildFile; fileRef = A14E73281C1AE0CF000406D8 /* YHNewsCellController.m */; };
		A15B87E91BF1B41000554F8D /* YHImageDisplayerController.m in Sources */ = {isa = PBXBuildFile; fileRef = A15B87E81BF1B41000554F8D /* YHImageDisplayerController.m */; };
		A170DF8B1C1C187B00F29480 /* YHNewsCommentsCell.m in Sources */ = {isa = PBXBuildFile; fileRef = A170DF8A1C1C187B00F29480 /* YHNewsCommentsCell.m */; };
		A170DF8F1C1C24FE00F29480 /* avatar_for_news.png in Resources */ = {isa = PBXBuildFile; fileRef = A170DF8E1C1C24FE00F29480 /* avatar_for_news.png */; };
		A170DF911C1C255B00F29480 /* tra.png in Resources */ = {isa = PBXBuildFile; fileRef = A170DF901C1C255B00F29480 /* tra.png */; };
		A1830F781C1FF7610023A6A6 /* YHNewsSparatorCell.m in Sources */ = {isa = PBXBuildFile; fileRef = A1830F771C1FF7610023A6A6 /* YHNewsSparatorCell.m */; };
		A1A383291BFD9FBC00C564B9 /* YHNewsList.m in Sources */ = {isa = PBXBuildFile; fileRef = A1A383281BFD9FBC00C564B9 /* YHNewsList.m */; };
		A1AC598B1C2FE1C70073385E /* ASKeyboard.m in Sources */ = {isa = PBXBuildFile; fileRef = A1AC598A1C2FE1C70073385E /* ASKeyboard.m */; };
		A1B8DFE11BDF70BE0097F732 /* main.m in Sources */ = {isa = PBXBuildFile; fileRef = A1B8DFE01BDF70BE0097F732 /* main.m */; };
		A1B8DFE41BDF70BE0097F732 /* AppDelegate.m in Sources */ = {isa = PBXBuildFile; fileRef = A1B8DFE31BDF70BE0097F732 /* AppDelegate.m */; };
		A1B8DFEA1BDF70BE0097F732 /* Main.storyboard in Resources */ = {isa = PBXBuildFile; fileRef = A1B8DFE81BDF70BE0097F732 /* Main.storyboard */; };
		A1B8DFEC1BDF70BE0097F732 /* Assets.xcassets in Resources */ = {isa = PBXBuildFile; fileRef = A1B8DFEB1BDF70BE0097F732 /* Assets.xcassets */; };
		A1B8DFEF1BDF70BE0097F732 /* LaunchScreen.storyboard in Resources */ = {isa = PBXBuildFile; fileRef = A1B8DFED1BDF70BE0097F732 /* LaunchScreen.storyboard */; };
		A1B8DFFA1BDF70BE0097F732 /* yhTests.m in Sources */ = {isa = PBXBuildFile; fileRef = A1B8DFF91BDF70BE0097F732 /* yhTests.m */; };
		A1B8E0051BDF70BE0097F732 /* yhUITests.m in Sources */ = {isa = PBXBuildFile; fileRef = A1B8E0041BDF70BE0097F732 /* yhUITests.m */; };
		A1B8E01B1BDFD10D0097F732 /* MainViewController.m in Sources */ = {isa = PBXBuildFile; fileRef = A1B8E01A1BDFD10D0097F732 /* MainViewController.m */; };
		A1B8E0701BE21F3A0097F732 /* YHNewsTableViewController.m in Sources */ = {isa = PBXBuildFile; fileRef = A1B8E06E1BE21F3A0097F732 /* YHNewsTableViewController.m */; };
		A1B8E07A1BE2324E0097F732 /* NearbyTableViewController.m in Sources */ = {isa = PBXBuildFile; fileRef = A1B8E0781BE2324E0097F732 /* NearbyTableViewController.m */; };
		A1B8E07F1BE232650097F732 /* ContactTableViewController.m in Sources */ = {isa = PBXBuildFile; fileRef = A1B8E07D1BE232650097F732 /* ContactTableViewController.m */; };
		A1B8E1111BE70AC40097F732 /* YHNewsCoverCell.xib in Resources */ = {isa = PBXBuildFile; fileRef = A1B8E1101BE70AC40097F732 /* YHNewsCoverCell.xib */; };
		A1B8E1141BE70C9E0097F732 /* YHNewsCoverCell.m in Sources */ = {isa = PBXBuildFile; fileRef = A1B8E1131BE70C9E0097F732 /* YHNewsCoverCell.m */; };
		A1B8E1181BE722070097F732 /* YHUser.m in Sources */ = {isa = PBXBuildFile; fileRef = A1B8E1171BE722070097F732 /* YHUser.m */; };
		A1B8E11B1BE726CE0097F732 /* cover.png in Resources */ = {isa = PBXBuildFile; fileRef = A1B8E11A1BE726CE0097F732 /* cover.png */; };
		A1B8E11D1BE72A760097F732 /* avatar.png in Resources */ = {isa = PBXBuildFile; fileRef = A1B8E11C1BE72A760097F732 /* avatar.png */; };
		A1B8E11F1BE89DA30097F732 /* YHNewsCell.xib in Resources */ = {isa = PBXBuildFile; fileRef = A1B8E11E1BE89DA30097F732 /* YHNewsCell.xib */; };
		A1B8E1281BE8AA340097F732 /* YHNewsCell.m in Sources */ = {isa = PBXBuildFile; fileRef = A1B8E1271BE8AA340097F732 /* YHNewsCell.m */; };
		A1B8E12A1BE8B0BC0097F732 /* avatar_for_news.png in Resources */ = {isa = PBXBuildFile; fileRef = A1B8E1291BE8B0BC0097F732 /* avatar_for_news.png */; };
		A1B8E12D1BE8B15B0097F732 /* YHNews.m in Sources */ = {isa = PBXBuildFile; fileRef = A1B8E12C1BE8B15B0097F732 /* YHNews.m */; };
		A1CE29961C23A85700B10198 /* News.storyboard in Resources */ = {isa = PBXBuildFile; fileRef = A1CE29951C23A85700B10198 /* News.storyboard */; };
		A1DCACB01C55B93C00111CAF /* YHTimelineCoverCell.m in Sources */ = {isa = PBXBuildFile; fileRef = A1DCACAF1C55B93C00111CAF /* YHTimelineCoverCell.m */; };
		A1DCACB31C55CD5300111CAF /* YHTimelineCell.m in Sources */ = {isa = PBXBuildFile; fileRef = A1DCACB21C55CD5300111CAF /* YHTimelineCell.m */; };
		A1DCACB51C565D8F00111CAF /* dot.png in Resources */ = {isa = PBXBuildFile; fileRef = A1DCACB41C565D8F00111CAF /* dot.png */; };
		A1DCACBB1C566A4400111CAF /* happy.png in Resources */ = {isa = PBXBuildFile; fileRef = A1DCACBA1C566A4400111CAF /* happy.png */; };
		A1E8B0691BF33601007E1119 /* YHChangeCoverController.m in Sources */ = {isa = PBXBuildFile; fileRef = A1E8B0681BF33601007E1119 /* YHChangeCoverController.m */; };
/* End PBXBuildFile section */

/* Begin PBXContainerItemProxy section */
		A1B8DFF61BDF70BE0097F732 /* PBXContainerItemProxy */ = {
			isa = PBXContainerItemProxy;
			containerPortal = A1B8DFD41BDF70BD0097F732 /* Project object */;
			proxyType = 1;
			remoteGlobalIDString = A1B8DFDB1BDF70BD0097F732;
			remoteInfo = yh;
		};
		A1B8E0011BDF70BE0097F732 /* PBXContainerItemProxy */ = {
			isa = PBXContainerItemProxy;
			containerPortal = A1B8DFD41BDF70BD0097F732 /* Project object */;
			proxyType = 1;
			remoteGlobalIDString = A1B8DFDB1BDF70BD0097F732;
			remoteInfo = yh;
		};
/* End PBXContainerItemProxy section */

/* Begin PBXFileReference section */
		2785E74F1F842FBAE34F90C5 /* Pods.debug.xcconfig */ = {isa = PBXFileReference; includeInIndex = 1; lastKnownFileType = text.xcconfig; name = Pods.debug.xcconfig; path = "Pods/Target Support Files/Pods/Pods.debug.xcconfig"; sourceTree = "<group>"; };
		5DE98627A4B3D459F2EC6716 /* libPods.a */ = {isa = PBXFileReference; explicitFileType = archive.ar; includeInIndex = 0; path = libPods.a; sourceTree = BUILT_PRODUCTS_DIR; };
		7506D8BB1C53E432003569B6 /* YHChartCell.m */ = {isa = PBXFileReference; fileEncoding = 4; lastKnownFileType = sourcecode.c.objc; path = YHChartCell.m; sourceTree = "<group>"; };
		7506D8BD1C53E43A003569B6 /* YHChartCell.h */ = {isa = PBXFileReference; lastKnownFileType = sourcecode.c.h; path = YHChartCell.h; sourceTree = "<group>"; };
		7506D8BE1C53E445003569B6 /* YHStatus.h */ = {isa = PBXFileReference; lastKnownFileType = sourcecode.c.h; path = YHStatus.h; sourceTree = "<group>"; };
		7506D8BF1C53E44F003569B6 /* YHStatus.m */ = {isa = PBXFileReference; fileEncoding = 4; lastKnownFileType = sourcecode.c.objc; path = YHStatus.m; sourceTree = "<group>"; };
		7506D8C11C53E45B003569B6 /* MessageTableViewController.h */ = {isa = PBXFileReference; lastKnownFileType = sourcecode.c.h; path = MessageTableViewController.h; sourceTree = "<group>"; };
		7506D8C21C53E464003569B6 /* MessageTableViewController.m */ = {isa = PBXFileReference; fileEncoding = 4; lastKnownFileType = sourcecode.c.objc; path = MessageTableViewController.m; sourceTree = "<group>"; };
		7578DF751C240041003C6983 /* Message.storyboard */ = {isa = PBXFileReference; fileEncoding = 4; lastKnownFileType = file.storyboard; path = Message.storyboard; sourceTree = "<group>"; };
		7578DF7D1C2409CB003C6983 /* ChatTogetherController.h */ = {isa = PBXFileReference; fileEncoding = 4; lastKnownFileType = sourcecode.c.h; path = ChatTogetherController.h; sourceTree = "<group>"; };
		7578DF7E1C2409CB003C6983 /* ChatTogetherController.m */ = {isa = PBXFileReference; fileEncoding = 4; lastKnownFileType = sourcecode.c.objc; path = ChatTogetherController.m; sourceTree = "<group>"; };
		758E9DA31C16D58F00C78FDF /* YHChartCell.xib */ = {isa = PBXFileReference; fileEncoding = 4; lastKnownFileType = file.xib; path = YHChartCell.xib; sourceTree = "<group>"; };
		7595D12D1C5E16960051C3E5 /* ChatViewController.h */ = {isa = PBXFileReference; fileEncoding = 4; lastKnownFileType = sourcecode.c.h; path = ChatViewController.h; sourceTree = "<group>"; };
		7595D12E1C5E16960051C3E5 /* ChatViewController.m */ = {isa = PBXFileReference; fileEncoding = 4; lastKnownFileType = sourcecode.c.objc; path = ChatViewController.m; sourceTree = "<group>"; };
		7595D13E1C5E428F0051C3E5 /* arrow.png */ = {isa = PBXFileReference; lastKnownFileType = image.png; path = arrow.png; sourceTree = "<group>"; };
		7598F51E1C571A7B0034C958 /* Reveal.framework */ = {isa = PBXFileReference; lastKnownFileType = wrapper.framework; name = Reveal.framework; path = ../Reveal.framework; sourceTree = "<group>"; };
		7598F5201C571C6A0034C958 /* libz.tbd */ = {isa = PBXFileReference; lastKnownFileType = "sourcecode.text-based-dylib-definition"; name = libz.tbd; path = usr/lib/libz.tbd; sourceTree = SDKROOT; };
		7598F5221C573F230034C958 /* GoChatTableViewController.h */ = {isa = PBXFileReference; fileEncoding = 4; lastKnownFileType = sourcecode.c.h; path = GoChatTableViewController.h; sourceTree = "<group>"; };
		7598F5231C573F230034C958 /* GoChatTableViewController.m */ = {isa = PBXFileReference; fileEncoding = 4; lastKnownFileType = sourcecode.c.objc; path = GoChatTableViewController.m; sourceTree = "<group>"; };
		A11618AB1C54A11800A65C3E /* YHNewCommentsViewController.h */ = {isa = PBXFileReference; fileEncoding = 4; lastKnownFileType = sourcecode.c.h; path = YHNewCommentsViewController.h; sourceTree = "<group>"; };
		A11618AC1C54A11800A65C3E /* YHNewCommentsViewController.m */ = {isa = PBXFileReference; fileEncoding = 4; lastKnownFileType = sourcecode.c.objc; path = YHNewCommentsViewController.m; sourceTree = "<group>"; };
		A11618AE1C54A4A400A65C3E /* YHPublishViewController.m */ = {isa = PBXFileReference; fileEncoding = 4; lastKnownFileType = sourcecode.c.objc; path = YHPublishViewController.m; sourceTree = "<group>"; };
		A14670581C54AB7E00B268E4 /* YHNewsLocationSelector.h */ = {isa = PBXFileReference; fileEncoding = 4; lastKnownFileType = sourcecode.c.h; path = YHNewsLocationSelector.h; sourceTree = "<group>"; };
		A14670591C54AB7E00B268E4 /* YHNewsLocationSelector.m */ = {isa = PBXFileReference; fileEncoding = 4; lastKnownFileType = sourcecode.c.objc; path = YHNewsLocationSelector.m; sourceTree = "<group>"; };
		A146705B1C54C95700B268E4 /* YHTimelineViewController.h */ = {isa = PBXFileReference; fileEncoding = 4; lastKnownFileType = sourcecode.c.h; path = YHTimelineViewController.h; sourceTree = "<group>"; };
		A146705C1C54C95700B268E4 /* YHTimelineViewController.m */ = {isa = PBXFileReference; fileEncoding = 4; lastKnownFileType = sourcecode.c.objc; path = YHTimelineViewController.m; sourceTree = "<group>"; };
		A14E73271C1AE0CF000406D8 /* YHNewsCellController.h */ = {isa = PBXFileReference; fileEncoding = 4; lastKnownFileType = sourcecode.c.h; path = YHNewsCellController.h; sourceTree = "<group>"; };
		A14E73281C1AE0CF000406D8 /* YHNewsCellController.m */ = {isa = PBXFileReference; fileEncoding = 4; lastKnownFileType = sourcecode.c.objc; path = YHNewsCellController.m; sourceTree = "<group>"; };
		A15B87E71BF1B41000554F8D /* YHImageDisplayerController.h */ = {isa = PBXFileReference; fileEncoding = 4; lastKnownFileType = sourcecode.c.h; path = YHImageDisplayerController.h; sourceTree = "<group>"; };
		A15B87E81BF1B41000554F8D /* YHImageDisplayerController.m */ = {isa = PBXFileReference; fileEncoding = 4; lastKnownFileType = sourcecode.c.objc; path = YHImageDisplayerController.m; sourceTree = "<group>"; };
		A170DF891C1C187B00F29480 /* YHNewsCommentsCell.h */ = {isa = PBXFileReference; fileEncoding = 4; lastKnownFileType = sourcecode.c.h; path = YHNewsCommentsCell.h; sourceTree = "<group>"; };
		A170DF8A1C1C187B00F29480 /* YHNewsCommentsCell.m */ = {isa = PBXFileReference; fileEncoding = 4; lastKnownFileType = sourcecode.c.objc; path = YHNewsCommentsCell.m; sourceTree = "<group>"; };
		A170DF8E1C1C24FE00F29480 /* avatar_for_news.png */ = {isa = PBXFileReference; lastKnownFileType = image.png; path = avatar_for_news.png; sourceTree = "<group>"; };
		A170DF901C1C255B00F29480 /* tra.png */ = {isa = PBXFileReference; lastKnownFileType = image.png; path = tra.png; sourceTree = "<group>"; };
		A1830F761C1FF7610023A6A6 /* YHNewsSparatorCell.h */ = {isa = PBXFileReference; fileEncoding = 4; lastKnownFileType = sourcecode.c.h; path = YHNewsSparatorCell.h; sourceTree = "<group>"; };
		A1830F771C1FF7610023A6A6 /* YHNewsSparatorCell.m */ = {isa = PBXFileReference; fileEncoding = 4; lastKnownFileType = sourcecode.c.objc; path = YHNewsSparatorCell.m; sourceTree = "<group>"; };
		A184EF0B1C1EA81D00422DFA /* YHStructs.h */ = {isa = PBXFileReference; lastKnownFileType = sourcecode.c.h; path = YHStructs.h; sourceTree = "<group>"; };
		A1A383261BFC74FD00C564B9 /* YHConfig.h */ = {isa = PBXFileReference; lastKnownFileType = sourcecode.c.h; path = YHConfig.h; sourceTree = "<group>"; };
		A1A383271BFD9FBC00C564B9 /* YHNewsList.h */ = {isa = PBXFileReference; fileEncoding = 4; lastKnownFileType = sourcecode.c.h; path = YHNewsList.h; sourceTree = "<group>"; };
		A1A383281BFD9FBC00C564B9 /* YHNewsList.m */ = {isa = PBXFileReference; fileEncoding = 4; lastKnownFileType = sourcecode.c.objc; path = YHNewsList.m; sourceTree = "<group>"; };
		A1AC59891C2FE1C70073385E /* ASKeyboard.h */ = {isa = PBXFileReference; fileEncoding = 4; lastKnownFileType = sourcecode.c.h; path = ASKeyboard.h; sourceTree = "<group>"; };
		A1AC598A1C2FE1C70073385E /* ASKeyboard.m */ = {isa = PBXFileReference; fileEncoding = 4; lastKnownFileType = sourcecode.c.objc; path = ASKeyboard.m; sourceTree = "<group>"; };
		A1B8DFDC1BDF70BD0097F732 /* yh.app */ = {isa = PBXFileReference; explicitFileType = wrapper.application; includeInIndex = 0; path = yh.app; sourceTree = BUILT_PRODUCTS_DIR; };
		A1B8DFE01BDF70BE0097F732 /* main.m */ = {isa = PBXFileReference; lastKnownFileType = sourcecode.c.objc; path = main.m; sourceTree = "<group>"; };
		A1B8DFE21BDF70BE0097F732 /* AppDelegate.h */ = {isa = PBXFileReference; lastKnownFileType = sourcecode.c.h; path = AppDelegate.h; sourceTree = "<group>"; };
		A1B8DFE31BDF70BE0097F732 /* AppDelegate.m */ = {isa = PBXFileReference; lastKnownFileType = sourcecode.c.objc; path = AppDelegate.m; sourceTree = "<group>"; };
		A1B8DFE91BDF70BE0097F732 /* Base */ = {isa = PBXFileReference; lastKnownFileType = file.storyboard; name = Base; path = Base.lproj/Main.storyboard; sourceTree = "<group>"; };
		A1B8DFEB1BDF70BE0097F732 /* Assets.xcassets */ = {isa = PBXFileReference; lastKnownFileType = folder.assetcatalog; path = Assets.xcassets; sourceTree = "<group>"; };
		A1B8DFEE1BDF70BE0097F732 /* Base */ = {isa = PBXFileReference; lastKnownFileType = file.storyboard; name = Base; path = Base.lproj/LaunchScreen.storyboard; sourceTree = "<group>"; };
		A1B8DFF01BDF70BE0097F732 /* Info.plist */ = {isa = PBXFileReference; lastKnownFileType = text.plist.xml; path = Info.plist; sourceTree = "<group>"; };
		A1B8DFF51BDF70BE0097F732 /* yhTests.xctest */ = {isa = PBXFileReference; explicitFileType = wrapper.cfbundle; includeInIndex = 0; path = yhTests.xctest; sourceTree = BUILT_PRODUCTS_DIR; };
		A1B8DFF91BDF70BE0097F732 /* yhTests.m */ = {isa = PBXFileReference; lastKnownFileType = sourcecode.c.objc; path = yhTests.m; sourceTree = "<group>"; };
		A1B8DFFB1BDF70BE0097F732 /* Info.plist */ = {isa = PBXFileReference; lastKnownFileType = text.plist.xml; path = Info.plist; sourceTree = "<group>"; };
		A1B8E0001BDF70BE0097F732 /* yhUITests.xctest */ = {isa = PBXFileReference; explicitFileType = wrapper.cfbundle; includeInIndex = 0; path = yhUITests.xctest; sourceTree = BUILT_PRODUCTS_DIR; };
		A1B8E0041BDF70BE0097F732 /* yhUITests.m */ = {isa = PBXFileReference; lastKnownFileType = sourcecode.c.objc; path = yhUITests.m; sourceTree = "<group>"; };
		A1B8E0061BDF70BE0097F732 /* Info.plist */ = {isa = PBXFileReference; lastKnownFileType = text.plist.xml; path = Info.plist; sourceTree = "<group>"; };
		A1B8E0191BDFD10D0097F732 /* MainViewController.h */ = {isa = PBXFileReference; fileEncoding = 4; lastKnownFileType = sourcecode.c.h; path = MainViewController.h; sourceTree = "<group>"; };
		A1B8E01A1BDFD10D0097F732 /* MainViewController.m */ = {isa = PBXFileReference; fileEncoding = 4; lastKnownFileType = sourcecode.c.objc; path = MainViewController.m; sourceTree = "<group>"; };
		A1B8E06D1BE21F3A0097F732 /* YHNewsTableViewController.h */ = {isa = PBXFileReference; fileEncoding = 4; lastKnownFileType = sourcecode.c.h; path = YHNewsTableViewController.h; sourceTree = "<group>"; };
		A1B8E06E1BE21F3A0097F732 /* YHNewsTableViewController.m */ = {isa = PBXFileReference; fileEncoding = 4; lastKnownFileType = sourcecode.c.objc; path = YHNewsTableViewController.m; sourceTree = "<group>"; };
		A1B8E0771BE2324E0097F732 /* NearbyTableViewController.h */ = {isa = PBXFileReference; fileEncoding = 4; lastKnownFileType = sourcecode.c.h; path = NearbyTableViewController.h; sourceTree = "<group>"; };
		A1B8E0781BE2324E0097F732 /* NearbyTableViewController.m */ = {isa = PBXFileReference; fileEncoding = 4; lastKnownFileType = sourcecode.c.objc; path = NearbyTableViewController.m; sourceTree = "<group>"; };
		A1B8E07C1BE232650097F732 /* ContactTableViewController.h */ = {isa = PBXFileReference; fileEncoding = 4; lastKnownFileType = sourcecode.c.h; path = ContactTableViewController.h; sourceTree = "<group>"; };
		A1B8E07D1BE232650097F732 /* ContactTableViewController.m */ = {isa = PBXFileReference; fileEncoding = 4; lastKnownFileType = sourcecode.c.objc; path = ContactTableViewController.m; sourceTree = "<group>"; };
		A1B8E0821BE237830097F732 /* SegViewProtocol.h */ = {isa = PBXFileReference; lastKnownFileType = sourcecode.c.h; path = SegViewProtocol.h; sourceTree = "<group>"; };
		A1B8E0C51BE332C90097F732 /* ChildViewScrollHandleDelegate.h */ = {isa = PBXFileReference; lastKnownFileType = sourcecode.c.h; path = ChildViewScrollHandleDelegate.h; sourceTree = "<group>"; };
		A1B8E1101BE70AC40097F732 /* YHNewsCoverCell.xib */ = {isa = PBXFileReference; fileEncoding = 4; lastKnownFileType = file.xib; path = YHNewsCoverCell.xib; sourceTree = "<group>"; };
		A1B8E1121BE70C9E0097F732 /* YHNewsCoverCell.h */ = {isa = PBXFileReference; fileEncoding = 4; lastKnownFileType = sourcecode.c.h; path = YHNewsCoverCell.h; sourceTree = "<group>"; };
		A1B8E1131BE70C9E0097F732 /* YHNewsCoverCell.m */ = {isa = PBXFileReference; fileEncoding = 4; lastKnownFileType = sourcecode.c.objc; path = YHNewsCoverCell.m; sourceTree = "<group>"; };
		A1B8E1161BE722070097F732 /* YHUser.h */ = {isa = PBXFileReference; fileEncoding = 4; lastKnownFileType = sourcecode.c.h; path = YHUser.h; sourceTree = "<group>"; };
		A1B8E1171BE722070097F732 /* YHUser.m */ = {isa = PBXFileReference; fileEncoding = 4; lastKnownFileType = sourcecode.c.objc; path = YHUser.m; sourceTree = "<group>"; };
		A1B8E11A1BE726CE0097F732 /* cover.png */ = {isa = PBXFileReference; lastKnownFileType = image.png; path = cover.png; sourceTree = SOURCE_ROOT; };
		A1B8E11C1BE72A760097F732 /* avatar.png */ = {isa = PBXFileReference; lastKnownFileType = image.png; path = avatar.png; sourceTree = SOURCE_ROOT; };
		A1B8E11E1BE89DA30097F732 /* YHNewsCell.xib */ = {isa = PBXFileReference; fileEncoding = 4; lastKnownFileType = file.xib; path = YHNewsCell.xib; sourceTree = "<group>"; };
		A1B8E1261BE8AA340097F732 /* YHNewsCell.h */ = {isa = PBXFileReference; fileEncoding = 4; lastKnownFileType = sourcecode.c.h; path = YHNewsCell.h; sourceTree = "<group>"; };
		A1B8E1271BE8AA340097F732 /* YHNewsCell.m */ = {isa = PBXFileReference; fileEncoding = 4; lastKnownFileType = sourcecode.c.objc; path = YHNewsCell.m; sourceTree = "<group>"; };
		A1B8E1291BE8B0BC0097F732 /* avatar_for_news.png */ = {isa = PBXFileReference; lastKnownFileType = image.png; path = avatar_for_news.png; sourceTree = SOURCE_ROOT; };
		A1B8E12B1BE8B15B0097F732 /* YHNews.h */ = {isa = PBXFileReference; fileEncoding = 4; lastKnownFileType = sourcecode.c.h; path = YHNews.h; sourceTree = "<group>"; };
		A1B8E12C1BE8B15B0097F732 /* YHNews.m */ = {isa = PBXFileReference; fileEncoding = 4; lastKnownFileType = sourcecode.c.objc; path = YHNews.m; sourceTree = "<group>"; };
		A1CE29951C23A85700B10198 /* News.storyboard */ = {isa = PBXFileReference; fileEncoding = 4; lastKnownFileType = file.storyboard; path = News.storyboard; sourceTree = "<group>"; };
		A1CE29971C23A91900B10198 /* YHPublishViewController.h */ = {isa = PBXFileReference; fileEncoding = 4; lastKnownFileType = sourcecode.c.h; path = YHPublishViewController.h; sourceTree = "<group>"; };
		A1DCACAE1C55B93C00111CAF /* YHTimelineCoverCell.h */ = {isa = PBXFileReference; fileEncoding = 4; lastKnownFileType = sourcecode.c.h; path = YHTimelineCoverCell.h; sourceTree = "<group>"; };
		A1DCACAF1C55B93C00111CAF /* YHTimelineCoverCell.m */ = {isa = PBXFileReference; fileEncoding = 4; lastKnownFileType = sourcecode.c.objc; path = YHTimelineCoverCell.m; sourceTree = "<group>"; };
		A1DCACB11C55CD5300111CAF /* YHTimelineCell.h */ = {isa = PBXFileReference; fileEncoding = 4; lastKnownFileType = sourcecode.c.h; path = YHTimelineCell.h; sourceTree = "<group>"; };
		A1DCACB21C55CD5300111CAF /* YHTimelineCell.m */ = {isa = PBXFileReference; fileEncoding = 4; lastKnownFileType = sourcecode.c.objc; path = YHTimelineCell.m; sourceTree = "<group>"; };
		A1DCACB41C565D8F00111CAF /* dot.png */ = {isa = PBXFileReference; lastKnownFileType = image.png; path = dot.png; sourceTree = "<group>"; };
		A1DCACBA1C566A4400111CAF /* happy.png */ = {isa = PBXFileReference; lastKnownFileType = image.png; path = happy.png; sourceTree = "<group>"; };
		A1E8B0671BF33601007E1119 /* YHChangeCoverController.h */ = {isa = PBXFileReference; fileEncoding = 4; lastKnownFileType = sourcecode.c.h; path = YHChangeCoverController.h; sourceTree = "<group>"; };
		A1E8B0681BF33601007E1119 /* YHChangeCoverController.m */ = {isa = PBXFileReference; fileEncoding = 4; lastKnownFileType = sourcecode.c.objc; path = YHChangeCoverController.m; sourceTree = "<group>"; };
		B1BE15B25FCA9A804A8CB519 /* Pods.release.xcconfig */ = {isa = PBXFileReference; includeInIndex = 1; lastKnownFileType = text.xcconfig; name = Pods.release.xcconfig; path = "Pods/Target Support Files/Pods/Pods.release.xcconfig"; sourceTree = "<group>"; };
/* End PBXFileReference section */

/* Begin PBXFrameworksBuildPhase section */
		A1B8DFD91BDF70BD0097F732 /* Frameworks */ = {
			isa = PBXFrameworksBuildPhase;
			buildActionMask = 2147483647;
			files = (
				7598F5211C571C6A0034C958 /* libz.tbd in Frameworks */,
				98DF4F70C0492E08DE13F9EE /* libPods.a in Frameworks */,
				7598F51F1C571A7B0034C958 /* Reveal.framework in Frameworks */,
			);
			runOnlyForDeploymentPostprocessing = 0;
		};
		A1B8DFF21BDF70BE0097F732 /* Frameworks */ = {
			isa = PBXFrameworksBuildPhase;
			buildActionMask = 2147483647;
			files = (
			);
			runOnlyForDeploymentPostprocessing = 0;
		};
		A1B8DFFD1BDF70BE0097F732 /* Frameworks */ = {
			isa = PBXFrameworksBuildPhase;
			buildActionMask = 2147483647;
			files = (
			);
			runOnlyForDeploymentPostprocessing = 0;
		};
/* End PBXFrameworksBuildPhase section */

/* Begin PBXGroup section */
		7578DF771C2400B9003C6983 /* controller */ = {
			isa = PBXGroup;
			children = (
				7506D8C21C53E464003569B6 /* MessageTableViewController.m */,
				7506D8C11C53E45B003569B6 /* MessageTableViewController.h */,
				7578DF7D1C2409CB003C6983 /* ChatTogetherController.h */,
				7578DF7E1C2409CB003C6983 /* ChatTogetherController.m */,
				7598F5221C573F230034C958 /* GoChatTableViewController.h */,
				7598F5231C573F230034C958 /* GoChatTableViewController.m */,
				7595D12D1C5E16960051C3E5 /* ChatViewController.h */,
				7595D12E1C5E16960051C3E5 /* ChatViewController.m */,
			);
			name = controller;
			sourceTree = "<group>";
		};
		7578DF781C2400C9003C6983 /* model */ = {
			isa = PBXGroup;
			children = (
				7506D8BF1C53E44F003569B6 /* YHStatus.m */,
				7506D8BE1C53E445003569B6 /* YHStatus.h */,
			);
			name = model;
			sourceTree = "<group>";
		};
		7578DF791C2400D2003C6983 /* cell */ = {
			isa = PBXGroup;
			children = (
				758E9DA31C16D58F00C78FDF /* YHChartCell.xib */,
				7506D8BD1C53E43A003569B6 /* YHChartCell.h */,
				7506D8BB1C53E432003569B6 /* YHChartCell.m */,
			);
			name = cell;
			sourceTree = "<group>";
		};
		A12F3C3B1BF1955E00F92EE2 /* tools */ = {
			isa = PBXGroup;
			children = (
				A1B8E0821BE237830097F732 /* SegViewProtocol.h */,
				A1A383261BFC74FD00C564B9 /* YHConfig.h */,
				A184EF0B1C1EA81D00422DFA /* YHStructs.h */,
			);
			name = tools;
			sourceTree = "<group>";
		};
		A1A3832A1BFEFA7400C564B9 /* view */ = {
			isa = PBXGroup;
			children = (
				A1B8E1101BE70AC40097F732 /* YHNewsCoverCell.xib */,
				A1B8E1121BE70C9E0097F732 /* YHNewsCoverCell.h */,
				A1B8E1131BE70C9E0097F732 /* YHNewsCoverCell.m */,
				A1B8E11E1BE89DA30097F732 /* YHNewsCell.xib */,
				A1B8E1261BE8AA340097F732 /* YHNewsCell.h */,
				A1B8E1271BE8AA340097F732 /* YHNewsCell.m */,
				A170DF891C1C187B00F29480 /* YHNewsCommentsCell.h */,
				A170DF8A1C1C187B00F29480 /* YHNewsCommentsCell.m */,
				A1830F761C1FF7610023A6A6 /* YHNewsSparatorCell.h */,
				A1830F771C1FF7610023A6A6 /* YHNewsSparatorCell.m */,
				A1DCACAE1C55B93C00111CAF /* YHTimelineCoverCell.h */,
				A1DCACAF1C55B93C00111CAF /* YHTimelineCoverCell.m */,
				A1DCACB11C55CD5300111CAF /* YHTimelineCell.h */,
				A1DCACB21C55CD5300111CAF /* YHTimelineCell.m */,
			);
			name = view;
			sourceTree = "<group>";
		};
		A1A3832B1BFEFAC500C564B9 /* controller */ = {
			isa = PBXGroup;
			children = (
				A1B8E06D1BE21F3A0097F732 /* YHNewsTableViewController.h */,
				A1B8E06E1BE21F3A0097F732 /* YHNewsTableViewController.m */,
				A1E8B0671BF33601007E1119 /* YHChangeCoverController.h */,
				A1E8B0681BF33601007E1119 /* YHChangeCoverController.m */,
				A14E73271C1AE0CF000406D8 /* YHNewsCellController.h */,
				A14E73281C1AE0CF000406D8 /* YHNewsCellController.m */,
				A1CE29971C23A91900B10198 /* YHPublishViewController.h */,
				A11618AE1C54A4A400A65C3E /* YHPublishViewController.m */,
				A11618AB1C54A11800A65C3E /* YHNewCommentsViewController.h */,
				A11618AC1C54A11800A65C3E /* YHNewCommentsViewController.m */,
				A14670581C54AB7E00B268E4 /* YHNewsLocationSelector.h */,
				A14670591C54AB7E00B268E4 /* YHNewsLocationSelector.m */,
				A146705B1C54C95700B268E4 /* YHTimelineViewController.h */,
				A146705C1C54C95700B268E4 /* YHTimelineViewController.m */,
			);
			name = controller;
			sourceTree = "<group>";
		};
		A1AC59881C2FE1950073385E /* ASKeyboard */ = {
			isa = PBXGroup;
			children = (
				A1AC59891C2FE1C70073385E /* ASKeyboard.h */,
				A1AC598A1C2FE1C70073385E /* ASKeyboard.m */,
			);
			name = ASKeyboard;
			sourceTree = "<group>";
		};
		A1B8DFD31BDF70BD0097F732 = {
			isa = PBXGroup;
			children = (
				A1B8DFDE1BDF70BE0097F732 /* yh */,
				A1B8DFF81BDF70BE0097F732 /* yhTests */,
				A1B8E0031BDF70BE0097F732 /* yhUITests */,
				A1B8DFDD1BDF70BD0097F732 /* Products */,
				FD5062A54F9EA27A7303FB54 /* Pods */,
				D0052EB2870D6D6A968AF4A8 /* Frameworks */,
			);
			sourceTree = "<group>";
		};
		A1B8DFDD1BDF70BD0097F732 /* Products */ = {
			isa = PBXGroup;
			children = (
				A1B8DFDC1BDF70BD0097F732 /* yh.app */,
				A1B8DFF51BDF70BE0097F732 /* yhTests.xctest */,
				A1B8E0001BDF70BE0097F732 /* yhUITests.xctest */,
			);
			name = Products;
			sourceTree = "<group>";
		};
		A1B8DFDE1BDF70BE0097F732 /* yh */ = {
			isa = PBXGroup;
			children = (
				7598F51E1C571A7B0034C958 /* Reveal.framework */,
				A1B8E0121BDF7BA30097F732 /* 车友圈 */,
				A1B8DFE21BDF70BE0097F732 /* AppDelegate.h */,
				A1B8DFE31BDF70BE0097F732 /* AppDelegate.m */,
				A1B8DFE81BDF70BE0097F732 /* Main.storyboard */,
				A1B8DFEB1BDF70BE0097F732 /* Assets.xcassets */,
				A1B8DFED1BDF70BE0097F732 /* LaunchScreen.storyboard */,
				A1B8DFF01BDF70BE0097F732 /* Info.plist */,
				A1B8DFDF1BDF70BE0097F732 /* Supporting Files */,
			);
			path = yh;
			sourceTree = "<group>";
		};
		A1B8DFDF1BDF70BE0097F732 /* Supporting Files */ = {
			isa = PBXGroup;
			children = (
				A1B8DFE01BDF70BE0097F732 /* main.m */,
			);
			name = "Supporting Files";
			sourceTree = "<group>";
		};
		A1B8DFF81BDF70BE0097F732 /* yhTests */ = {
			isa = PBXGroup;
			children = (
				A1B8DFF91BDF70BE0097F732 /* yhTests.m */,
				A1B8DFFB1BDF70BE0097F732 /* Info.plist */,
			);
			path = yhTests;
			sourceTree = "<group>";
		};
		A1B8E0031BDF70BE0097F732 /* yhUITests */ = {
			isa = PBXGroup;
			children = (
				A1B8E0041BDF70BE0097F732 /* yhUITests.m */,
				A1B8E0061BDF70BE0097F732 /* Info.plist */,
			);
			path = yhUITests;
			sourceTree = "<group>";
		};
		A1B8E0121BDF7BA30097F732 /* 车友圈 */ = {
			isa = PBXGroup;
			children = (
				A1CE299D1C23E73000B10198 /* vendor */,
				A12F3C3B1BF1955E00F92EE2 /* tools */,
				A1B8E1191BE726C10097F732 /* images */,
				A1B8E10F1BE7081E0097F732 /* 消息 */,
				A1B8E10E1BE708160097F732 /* 通讯录 */,
				A1B8E10C1BE707F00097F732 /* 附近 */,
				A1B8E10B1BE707D30097F732 /* 动态 */,
				A1B8E0191BDFD10D0097F732 /* MainViewController.h */,
				A1B8E01A1BDFD10D0097F732 /* MainViewController.m */,
				A1B8E0C51BE332C90097F732 /* ChildViewScrollHandleDelegate.h */,
			);
			name = "车友圈";
			sourceTree = "<group>";
		};
		A1B8E10B1BE707D30097F732 /* 动态 */ = {
			isa = PBXGroup;
			children = (
				A1A3832B1BFEFAC500C564B9 /* controller */,
				A1B8E1151BE721B90097F732 /* model */,
				A1A3832A1BFEFA7400C564B9 /* view */,
				A1CE29951C23A85700B10198 /* News.storyboard */,
			);
			name = "动态";
			sourceTree = "<group>";
		};
		A1B8E10C1BE707F00097F732 /* 附近 */ = {
			isa = PBXGroup;
			children = (
				A1B8E0771BE2324E0097F732 /* NearbyTableViewController.h */,
				A1B8E0781BE2324E0097F732 /* NearbyTableViewController.m */,
			);
			name = "附近";
			sourceTree = "<group>";
		};
		A1B8E10E1BE708160097F732 /* 通讯录 */ = {
			isa = PBXGroup;
			children = (
				A1B8E07C1BE232650097F732 /* ContactTableViewController.h */,
				A1B8E07D1BE232650097F732 /* ContactTableViewController.m */,
			);
			name = "通讯录";
			sourceTree = "<group>";
		};
		A1B8E10F1BE7081E0097F732 /* 消息 */ = {
			isa = PBXGroup;
			children = (
				7578DF791C2400D2003C6983 /* cell */,
				7578DF781C2400C9003C6983 /* model */,
				7578DF771C2400B9003C6983 /* controller */,
				7578DF751C240041003C6983 /* Message.storyboard */,
			);
			name = "消息";
			sourceTree = "<group>";
		};
		A1B8E1151BE721B90097F732 /* model */ = {
			isa = PBXGroup;
			children = (
				A1B8E1161BE722070097F732 /* YHUser.h */,
				A1B8E1171BE722070097F732 /* YHUser.m */,
				A1B8E12B1BE8B15B0097F732 /* YHNews.h */,
				A1B8E12C1BE8B15B0097F732 /* YHNews.m */,
				A1A383271BFD9FBC00C564B9 /* YHNewsList.h */,
				A1A383281BFD9FBC00C564B9 /* YHNewsList.m */,
			);
			name = model;
			sourceTree = "<group>";
		};
		A1B8E1191BE726C10097F732 /* images */ = {
			isa = PBXGroup;
			children = (
				7595D13E1C5E428F0051C3E5 /* arrow.png */,
				A1DCACBA1C566A4400111CAF /* happy.png */,
				A1DCACB41C565D8F00111CAF /* dot.png */,
				A170DF8E1C1C24FE00F29480 /* avatar_for_news.png */,
				A170DF901C1C255B00F29480 /* tra.png */,
				A1B8E1291BE8B0BC0097F732 /* avatar_for_news.png */,
				A1B8E11C1BE72A760097F732 /* avatar.png */,
				A1B8E11A1BE726CE0097F732 /* cover.png */,
			);
			name = images;
			sourceTree = "<group>";
		};
		A1CE299D1C23E73000B10198 /* vendor */ = {
			isa = PBXGroup;
			children = (
				A1AC59881C2FE1950073385E /* ASKeyboard */,
				A1EC5FCF1C2AB562005CE9BB /* YHImageDisplayer */,
			);
			name = vendor;
			sourceTree = "<group>";
		};
		A1EC5FCF1C2AB562005CE9BB /* YHImageDisplayer */ = {
			isa = PBXGroup;
			children = (
				A15B87E71BF1B41000554F8D /* YHImageDisplayerController.h */,
				A15B87E81BF1B41000554F8D /* YHImageDisplayerController.m */,
			);
			name = YHImageDisplayer;
			sourceTree = "<group>";
		};
		D0052EB2870D6D6A968AF4A8 /* Frameworks */ = {
			isa = PBXGroup;
			children = (
				7598F5201C571C6A0034C958 /* libz.tbd */,
				5DE98627A4B3D459F2EC6716 /* libPods.a */,
			);
			name = Frameworks;
			sourceTree = "<group>";
		};
		FD5062A54F9EA27A7303FB54 /* Pods */ = {
			isa = PBXGroup;
			children = (
				2785E74F1F842FBAE34F90C5 /* Pods.debug.xcconfig */,
				B1BE15B25FCA9A804A8CB519 /* Pods.release.xcconfig */,
			);
			name = Pods;
			sourceTree = "<group>";
		};
/* End PBXGroup section */

/* Begin PBXNativeTarget section */
		A1B8DFDB1BDF70BD0097F732 /* yh */ = {
			isa = PBXNativeTarget;
			buildConfigurationList = A1B8E0091BDF70BE0097F732 /* Build configuration list for PBXNativeTarget "yh" */;
			buildPhases = (
				6E92755EAA703ACC8D631D99 /* Check Pods Manifest.lock */,
				A1B8DFD81BDF70BD0097F732 /* Sources */,
				A1B8DFD91BDF70BD0097F732 /* Frameworks */,
				A1B8DFDA1BDF70BD0097F732 /* Resources */,
				C6A0BB1826CF31BA8D63A127 /* Copy Pods Resources */,
				DB1DAD3395A9ABDAD59FC75A /* Embed Pods Frameworks */,
			);
			buildRules = (
			);
			dependencies = (
			);
			name = yh;
			productName = yh;
			productReference = A1B8DFDC1BDF70BD0097F732 /* yh.app */;
			productType = "com.apple.product-type.application";
		};
		A1B8DFF41BDF70BE0097F732 /* yhTests */ = {
			isa = PBXNativeTarget;
			buildConfigurationList = A1B8E00C1BDF70BE0097F732 /* Build configuration list for PBXNativeTarget "yhTests" */;
			buildPhases = (
				A1B8DFF11BDF70BE0097F732 /* Sources */,
				A1B8DFF21BDF70BE0097F732 /* Frameworks */,
				A1B8DFF31BDF70BE0097F732 /* Resources */,
			);
			buildRules = (
			);
			dependencies = (
				A1B8DFF71BDF70BE0097F732 /* PBXTargetDependency */,
			);
			name = yhTests;
			productName = yhTests;
			productReference = A1B8DFF51BDF70BE0097F732 /* yhTests.xctest */;
			productType = "com.apple.product-type.bundle.unit-test";
		};
		A1B8DFFF1BDF70BE0097F732 /* yhUITests */ = {
			isa = PBXNativeTarget;
			buildConfigurationList = A1B8E00F1BDF70BE0097F732 /* Build configuration list for PBXNativeTarget "yhUITests" */;
			buildPhases = (
				A1B8DFFC1BDF70BE0097F732 /* Sources */,
				A1B8DFFD1BDF70BE0097F732 /* Frameworks */,
				A1B8DFFE1BDF70BE0097F732 /* Resources */,
			);
			buildRules = (
			);
			dependencies = (
				A1B8E0021BDF70BE0097F732 /* PBXTargetDependency */,
			);
			name = yhUITests;
			productName = yhUITests;
			productReference = A1B8E0001BDF70BE0097F732 /* yhUITests.xctest */;
			productType = "com.apple.product-type.bundle.ui-testing";
		};
/* End PBXNativeTarget section */

/* Begin PBXProject section */
		A1B8DFD41BDF70BD0097F732 /* Project object */ = {
			isa = PBXProject;
			attributes = {
				LastUpgradeCheck = 0710;
				ORGANIZATIONNAME = andy;
				TargetAttributes = {
					A1B8DFDB1BDF70BD0097F732 = {
						CreatedOnToolsVersion = 7.1;
						DevelopmentTeam = QMRGKUWNTX;
					};
					A1B8DFF41BDF70BE0097F732 = {
						CreatedOnToolsVersion = 7.1;
						DevelopmentTeam = 9E9C2ZNYDA;
						TestTargetID = A1B8DFDB1BDF70BD0097F732;
					};
					A1B8DFFF1BDF70BE0097F732 = {
						CreatedOnToolsVersion = 7.1;
						DevelopmentTeam = 9E9C2ZNYDA;
						TestTargetID = A1B8DFDB1BDF70BD0097F732;
					};
				};
			};
			buildConfigurationList = A1B8DFD71BDF70BD0097F732 /* Build configuration list for PBXProject "yh" */;
			compatibilityVersion = "Xcode 3.2";
			developmentRegion = English;
			hasScannedForEncodings = 0;
			knownRegions = (
				en,
				Base,
			);
			mainGroup = A1B8DFD31BDF70BD0097F732;
			productRefGroup = A1B8DFDD1BDF70BD0097F732 /* Products */;
			projectDirPath = "";
			projectRoot = "";
			targets = (
				A1B8DFDB1BDF70BD0097F732 /* yh */,
				A1B8DFF41BDF70BE0097F732 /* yhTests */,
				A1B8DFFF1BDF70BE0097F732 /* yhUITests */,
			);
		};
/* End PBXProject section */

/* Begin PBXResourcesBuildPhase section */
		A1B8DFDA1BDF70BD0097F732 /* Resources */ = {
			isa = PBXResourcesBuildPhase;
			buildActionMask = 2147483647;
			files = (
				A1B8E11D1BE72A760097F732 /* avatar.png in Resources */,
				A1DCACB51C565D8F00111CAF /* dot.png in Resources */,
				A1B8DFEF1BDF70BE0097F732 /* LaunchScreen.storyboard in Resources */,
				A1B8E1111BE70AC40097F732 /* YHNewsCoverCell.xib in Resources */,
				758E9DA41C16D58F00C78FDF /* YHChartCell.xib in Resources */,
				A170DF8F1C1C24FE00F29480 /* avatar_for_news.png in Resources */,
				A170DF911C1C255B00F29480 /* tra.png in Resources */,
				7578DF761C240041003C6983 /* Message.storyboard in Resources */,
				A1DCACBB1C566A4400111CAF /* happy.png in Resources */,
				7595D13F1C5E428F0051C3E5 /* arrow.png in Resources */,
				A1B8E11F1BE89DA30097F732 /* YHNewsCell.xib in Resources */,
				A1B8DFEC1BDF70BE0097F732 /* Assets.xcassets in Resources */,
				A1B8E11B1BE726CE0097F732 /* cover.png in Resources */,
				A1CE29961C23A85700B10198 /* News.storyboard in Resources */,
				A1B8DFEA1BDF70BE0097F732 /* Main.storyboard in Resources */,
				A1B8E12A1BE8B0BC0097F732 /* avatar_for_news.png in Resources */,
			);
			runOnlyForDeploymentPostprocessing = 0;
		};
		A1B8DFF31BDF70BE0097F732 /* Resources */ = {
			isa = PBXResourcesBuildPhase;
			buildActionMask = 2147483647;
			files = (
			);
			runOnlyForDeploymentPostprocessing = 0;
		};
		A1B8DFFE1BDF70BE0097F732 /* Resources */ = {
			isa = PBXResourcesBuildPhase;
			buildActionMask = 2147483647;
			files = (
			);
			runOnlyForDeploymentPostprocessing = 0;
		};
/* End PBXResourcesBuildPhase section */

/* Begin PBXShellScriptBuildPhase section */
		6E92755EAA703ACC8D631D99 /* Check Pods Manifest.lock */ = {
			isa = PBXShellScriptBuildPhase;
			buildActionMask = 2147483647;
			files = (
			);
			inputPaths = (
			);
			name = "Check Pods Manifest.lock";
			outputPaths = (
			);
			runOnlyForDeploymentPostprocessing = 0;
			shellPath = /bin/sh;
			shellScript = "diff \"${PODS_ROOT}/../Podfile.lock\" \"${PODS_ROOT}/Manifest.lock\" > /dev/null\nif [[ $? != 0 ]] ; then\n    cat << EOM\nerror: The sandbox is not in sync with the Podfile.lock. Run 'pod install' or update your CocoaPods installation.\nEOM\n    exit 1\nfi\n";
			showEnvVarsInLog = 0;
		};
		C6A0BB1826CF31BA8D63A127 /* Copy Pods Resources */ = {
			isa = PBXShellScriptBuildPhase;
			buildActionMask = 2147483647;
			files = (
			);
			inputPaths = (
			);
			name = "Copy Pods Resources";
			outputPaths = (
			);
			runOnlyForDeploymentPostprocessing = 0;
			shellPath = /bin/sh;
			shellScript = "\"${SRCROOT}/Pods/Target Support Files/Pods/Pods-resources.sh\"\n";
			showEnvVarsInLog = 0;
		};
		DB1DAD3395A9ABDAD59FC75A /* Embed Pods Frameworks */ = {
			isa = PBXShellScriptBuildPhase;
			buildActionMask = 2147483647;
			files = (
			);
			inputPaths = (
			);
			name = "Embed Pods Frameworks";
			outputPaths = (
			);
			runOnlyForDeploymentPostprocessing = 0;
			shellPath = /bin/sh;
			shellScript = "\"${SRCROOT}/Pods/Target Support Files/Pods/Pods-frameworks.sh\"\n";
			showEnvVarsInLog = 0;
		};
/* End PBXShellScriptBuildPhase section */

/* Begin PBXSourcesBuildPhase section */
		A1B8DFD81BDF70BD0097F732 /* Sources */ = {
			isa = PBXSourcesBuildPhase;
			buildActionMask = 2147483647;
			files = (
				A1AC598B1C2FE1C70073385E /* ASKeyboard.m in Sources */,
				7506D8C31C53E464003569B6 /* MessageTableViewController.m in Sources */,
				A1B8E0701BE21F3A0097F732 /* YHNewsTableViewController.m in Sources */,
				7598F5241C573F230034C958 /* GoChatTableViewController.m in Sources */,
				A1B8E1141BE70C9E0097F732 /* YHNewsCoverCell.m in Sources */,
				A1B8E07F1BE232650097F732 /* ContactTableViewController.m in Sources */,
				A170DF8B1C1C187B00F29480 /* YHNewsCommentsCell.m in Sources */,
				A11618AD1C54A11800A65C3E /* YHNewCommentsViewController.m in Sources */,
				A1E8B0691BF33601007E1119 /* YHChangeCoverController.m in Sources */,
				7506D8C01C53E44F003569B6 /* YHStatus.m in Sources */,
				A1DCACB31C55CD5300111CAF /* YHTimelineCell.m in Sources */,
				A15B87E91BF1B41000554F8D /* YHImageDisplayerController.m in Sources */,
				A1B8DFE41BDF70BE0097F732 /* AppDelegate.m in Sources */,
				A146705D1C54C95700B268E4 /* YHTimelineViewController.m in Sources */,
				A146705A1C54AB7E00B268E4 /* YHNewsLocationSelector.m in Sources */,
				7595D12F1C5E16960051C3E5 /* ChatViewController.m in Sources */,
				A1B8E01B1BDFD10D0097F732 /* MainViewController.m in Sources */,
				A1B8E1281BE8AA340097F732 /* YHNewsCell.m in Sources */,
				7506D8BC1C53E432003569B6 /* YHChartCell.m in Sources */,
				7578DF7F1C2409CB003C6983 /* ChatTogetherController.m in Sources */,
				A1DCACB01C55B93C00111CAF /* YHTimelineCoverCell.m in Sources */,
				A1A383291BFD9FBC00C564B9 /* YHNewsList.m in Sources */,
				A1B8E12D1BE8B15B0097F732 /* YHNews.m in Sources */,
				A1B8E07A1BE2324E0097F732 /* NearbyTableViewController.m in Sources */,
				A11618AF1C54A4A400A65C3E /* YHPublishViewController.m in Sources */,
				A1B8E1181BE722070097F732 /* YHUser.m in Sources */,
				A1B8DFE11BDF70BE0097F732 /* main.m in Sources */,
				A14E73291C1AE0CF000406D8 /* YHNewsCellController.m in Sources */,
				A1830F781C1FF7610023A6A6 /* YHNewsSparatorCell.m in Sources */,
			);
			runOnlyForDeploymentPostprocessing = 0;
		};
		A1B8DFF11BDF70BE0097F732 /* Sources */ = {
			isa = PBXSourcesBuildPhase;
			buildActionMask = 2147483647;
			files = (
				A1B8DFFA1BDF70BE0097F732 /* yhTests.m in Sources */,
			);
			runOnlyForDeploymentPostprocessing = 0;
		};
		A1B8DFFC1BDF70BE0097F732 /* Sources */ = {
			isa = PBXSourcesBuildPhase;
			buildActionMask = 2147483647;
			files = (
				A1B8E0051BDF70BE0097F732 /* yhUITests.m in Sources */,
			);
			runOnlyForDeploymentPostprocessing = 0;
		};
/* End PBXSourcesBuildPhase section */

/* Begin PBXTargetDependency section */
		A1B8DFF71BDF70BE0097F732 /* PBXTargetDependency */ = {
			isa = PBXTargetDependency;
			target = A1B8DFDB1BDF70BD0097F732 /* yh */;
			targetProxy = A1B8DFF61BDF70BE0097F732 /* PBXContainerItemProxy */;
		};
		A1B8E0021BDF70BE0097F732 /* PBXTargetDependency */ = {
			isa = PBXTargetDependency;
			target = A1B8DFDB1BDF70BD0097F732 /* yh */;
			targetProxy = A1B8E0011BDF70BE0097F732 /* PBXContainerItemProxy */;
		};
/* End PBXTargetDependency section */

/* Begin PBXVariantGroup section */
		A1B8DFE81BDF70BE0097F732 /* Main.storyboard */ = {
			isa = PBXVariantGroup;
			children = (
				A1B8DFE91BDF70BE0097F732 /* Base */,
			);
			name = Main.storyboard;
			sourceTree = "<group>";
		};
		A1B8DFED1BDF70BE0097F732 /* LaunchScreen.storyboard */ = {
			isa = PBXVariantGroup;
			children = (
				A1B8DFEE1BDF70BE0097F732 /* Base */,
			);
			name = LaunchScreen.storyboard;
			sourceTree = "<group>";
		};
/* End PBXVariantGroup section */

/* Begin XCBuildConfiguration section */
		A1B8E0071BDF70BE0097F732 /* Debug */ = {
			isa = XCBuildConfiguration;
			buildSettings = {
				ALWAYS_SEARCH_USER_PATHS = NO;
				CLANG_CXX_LANGUAGE_STANDARD = "gnu++0x";
				CLANG_CXX_LIBRARY = "libc++";
				CLANG_ENABLE_MODULES = YES;
				CLANG_ENABLE_OBJC_ARC = YES;
				CLANG_WARN_BOOL_CONVERSION = YES;
				CLANG_WARN_CONSTANT_CONVERSION = YES;
				CLANG_WARN_DIRECT_OBJC_ISA_USAGE = YES_ERROR;
				CLANG_WARN_EMPTY_BODY = YES;
				CLANG_WARN_ENUM_CONVERSION = YES;
				CLANG_WARN_INT_CONVERSION = YES;
				CLANG_WARN_OBJC_ROOT_CLASS = YES_ERROR;
				CLANG_WARN_UNREACHABLE_CODE = YES;
				CLANG_WARN__DUPLICATE_METHOD_MATCH = YES;
				"CODE_SIGN_IDENTITY[sdk=iphoneos*]" = "iPhone Developer";
				COPY_PHASE_STRIP = NO;
				DEBUG_INFORMATION_FORMAT = dwarf;
				ENABLE_STRICT_OBJC_MSGSEND = YES;
				ENABLE_TESTABILITY = YES;
				GCC_C_LANGUAGE_STANDARD = gnu99;
				GCC_DYNAMIC_NO_PIC = NO;
				GCC_NO_COMMON_BLOCKS = YES;
				GCC_OPTIMIZATION_LEVEL = 0;
				GCC_PREPROCESSOR_DEFINITIONS = (
					"DEBUG=1",
					"$(inherited)",
				);
				GCC_WARN_64_TO_32_BIT_CONVERSION = YES;
				GCC_WARN_ABOUT_RETURN_TYPE = YES_ERROR;
				GCC_WARN_UNDECLARED_SELECTOR = YES;
				GCC_WARN_UNINITIALIZED_AUTOS = YES_AGGRESSIVE;
				GCC_WARN_UNUSED_FUNCTION = YES;
				GCC_WARN_UNUSED_VARIABLE = YES;
				IPHONEOS_DEPLOYMENT_TARGET = 9.1;
				MTL_ENABLE_DEBUG_INFO = YES;
				ONLY_ACTIVE_ARCH = YES;
				"OTHER_LDFLAGS[arch=*]" = (
					"-ObjC",
					"-framework",
					Reveal,
				);
				SDKROOT = iphoneos;
			};
			name = Debug;
		};
		A1B8E0081BDF70BE0097F732 /* Release */ = {
			isa = XCBuildConfiguration;
			buildSettings = {
				ALWAYS_SEARCH_USER_PATHS = NO;
				CLANG_CXX_LANGUAGE_STANDARD = "gnu++0x";
				CLANG_CXX_LIBRARY = "libc++";
				CLANG_ENABLE_MODULES = YES;
				CLANG_ENABLE_OBJC_ARC = YES;
				CLANG_WARN_BOOL_CONVERSION = YES;
				CLANG_WARN_CONSTANT_CONVERSION = YES;
				CLANG_WARN_DIRECT_OBJC_ISA_USAGE = YES_ERROR;
				CLANG_WARN_EMPTY_BODY = YES;
				CLANG_WARN_ENUM_CONVERSION = YES;
				CLANG_WARN_INT_CONVERSION = YES;
				CLANG_WARN_OBJC_ROOT_CLASS = YES_ERROR;
				CLANG_WARN_UNREACHABLE_CODE = YES;
				CLANG_WARN__DUPLICATE_METHOD_MATCH = YES;
				"CODE_SIGN_IDENTITY[sdk=iphoneos*]" = "iPhone Developer";
				COPY_PHASE_STRIP = NO;
				DEBUG_INFORMATION_FORMAT = "dwarf-with-dsym";
				ENABLE_NS_ASSERTIONS = NO;
				ENABLE_STRICT_OBJC_MSGSEND = YES;
				GCC_C_LANGUAGE_STANDARD = gnu99;
				GCC_NO_COMMON_BLOCKS = YES;
				GCC_WARN_64_TO_32_BIT_CONVERSION = YES;
				GCC_WARN_ABOUT_RETURN_TYPE = YES_ERROR;
				GCC_WARN_UNDECLARED_SELECTOR = YES;
				GCC_WARN_UNINITIALIZED_AUTOS = YES_AGGRESSIVE;
				GCC_WARN_UNUSED_FUNCTION = YES;
				GCC_WARN_UNUSED_VARIABLE = YES;
				IPHONEOS_DEPLOYMENT_TARGET = 9.1;
				MTL_ENABLE_DEBUG_INFO = NO;
				SDKROOT = iphoneos;
				VALIDATE_PRODUCT = YES;
			};
			name = Release;
		};
		A1B8E00A1BDF70BE0097F732 /* Debug */ = {
			isa = XCBuildConfiguration;
			baseConfigurationReference = 2785E74F1F842FBAE34F90C5 /* Pods.debug.xcconfig */;
			buildSettings = {
				ASSETCATALOG_COMPILER_APPICON_NAME = AppIcon;
				CODE_SIGN_IDENTITY = "iPhone Developer";
				"CODE_SIGN_IDENTITY[sdk=iphoneos*]" = "iPhone Developer";
				FRAMEWORK_SEARCH_PATHS = (
					"$(inherited)",
					"$(PROJECT_DIR)",
				);
				INFOPLIST_FILE = yh/Info.plist;
				IPHONEOS_DEPLOYMENT_TARGET = 9.1;
				LD_RUNPATH_SEARCH_PATHS = "$(inherited) @executable_path/Frameworks";
				PRODUCT_BUNDLE_IDENTIFIER = bupt;
				PRODUCT_NAME = "$(TARGET_NAME)";
				PROVISIONING_PROFILE = "";
			};
			name = Debug;
		};
		A1B8E00B1BDF70BE0097F732 /* Release */ = {
			isa = XCBuildConfiguration;
			baseConfigurationReference = B1BE15B25FCA9A804A8CB519 /* Pods.release.xcconfig */;
			buildSettings = {
				ASSETCATALOG_COMPILER_APPICON_NAME = AppIcon;
				CODE_SIGN_IDENTITY = "iPhone Developer";
				"CODE_SIGN_IDENTITY[sdk=iphoneos*]" = "iPhone Developer";
				FRAMEWORK_SEARCH_PATHS = (
					"$(inherited)",
					"$(PROJECT_DIR)",
				);
				INFOPLIST_FILE = yh/Info.plist;
				IPHONEOS_DEPLOYMENT_TARGET = 9.1;
				LD_RUNPATH_SEARCH_PATHS = "$(inherited) @executable_path/Frameworks";
				PRODUCT_BUNDLE_IDENTIFIER = bupt;
				PRODUCT_NAME = "$(TARGET_NAME)";
				PROVISIONING_PROFILE = "";
			};
			name = Release;
		};
		A1B8E00D1BDF70BE0097F732 /* Debug */ = {
			isa = XCBuildConfiguration;
			buildSettings = {
				BUNDLE_LOADER = "$(TEST_HOST)";
				INFOPLIST_FILE = yhTests/Info.plist;
				LD_RUNPATH_SEARCH_PATHS = "$(inherited) @executable_path/Frameworks @loader_path/Frameworks";
				PRODUCT_BUNDLE_IDENTIFIER = BUPT.yhTests;
				PRODUCT_NAME = "$(TARGET_NAME)";
				TEST_HOST = "$(BUILT_PRODUCTS_DIR)/yh.app/yh";
			};
			name = Debug;
		};
		A1B8E00E1BDF70BE0097F732 /* Release */ = {
			isa = XCBuildConfiguration;
			buildSettings = {
				BUNDLE_LOADER = "$(TEST_HOST)";
				INFOPLIST_FILE = yhTests/Info.plist;
				LD_RUNPATH_SEARCH_PATHS = "$(inherited) @executable_path/Frameworks @loader_path/Frameworks";
				PRODUCT_BUNDLE_IDENTIFIER = BUPT.yhTests;
				PRODUCT_NAME = "$(TARGET_NAME)";
				TEST_HOST = "$(BUILT_PRODUCTS_DIR)/yh.app/yh";
			};
			name = Release;
		};
		A1B8E0101BDF70BE0097F732 /* Debug */ = {
			isa = XCBuildConfiguration;
			buildSettings = {
				INFOPLIST_FILE = yhUITests/Info.plist;
				LD_RUNPATH_SEARCH_PATHS = "$(inherited) @executable_path/Frameworks @loader_path/Frameworks";
				PRODUCT_BUNDLE_IDENTIFIER = BUPT.yhUITests;
				PRODUCT_NAME = "$(TARGET_NAME)";
				TEST_TARGET_NAME = yh;
				USES_XCTRUNNER = YES;
			};
			name = Debug;
		};
		A1B8E0111BDF70BE0097F732 /* Release */ = {
			isa = XCBuildConfiguration;
			buildSettings = {
				INFOPLIST_FILE = yhUITests/Info.plist;
				LD_RUNPATH_SEARCH_PATHS = "$(inherited) @executable_path/Frameworks @loader_path/Frameworks";
				PRODUCT_BUNDLE_IDENTIFIER = BUPT.yhUITests;
				PRODUCT_NAME = "$(TARGET_NAME)";
				TEST_TARGET_NAME = yh;
				USES_XCTRUNNER = YES;
			};
			name = Release;
		};
/* End XCBuildConfiguration section */

/* Begin XCConfigurationList section */
		A1B8DFD71BDF70BD0097F732 /* Build configuration list for PBXProject "yh" */ = {
			isa = XCConfigurationList;
			buildConfigurations = (
				A1B8E0071BDF70BE0097F732 /* Debug */,
				A1B8E0081BDF70BE0097F732 /* Release */,
			);
			defaultConfigurationIsVisible = 0;
			defaultConfigurationName = Release;
		};
		A1B8E0091BDF70BE0097F732 /* Build configuration list for PBXNativeTarget "yh" */ = {
			isa = XCConfigurationList;
			buildConfigurations = (
				A1B8E00A1BDF70BE0097F732 /* Debug */,
				A1B8E00B1BDF70BE0097F732 /* Release */,
			);
			defaultConfigurationIsVisible = 0;
			defaultConfigurationName = Release;
		};
		A1B8E00C1BDF70BE0097F732 /* Build configuration list for PBXNativeTarget "yhTests" */ = {
			isa = XCConfigurationList;
			buildConfigurations = (
				A1B8E00D1BDF70BE0097F732 /* Debug */,
				A1B8E00E1BDF70BE0097F732 /* Release */,
			);
			defaultConfigurationIsVisible = 0;
			defaultConfigurationName = Release;
		};
		A1B8E00F1BDF70BE0097F732 /* Build configuration list for PBXNativeTarget "yhUITests" */ = {
			isa = XCConfigurationList;
			buildConfigurations = (
				A1B8E0101BDF70BE0097F732 /* Debug */,
				A1B8E0111BDF70BE0097F732 /* Release */,
			);
			defaultConfigurationIsVisible = 0;
			defaultConfigurationName = Release;
		};
/* End XCConfigurationList section */
	};
	rootObject = A1B8DFD41BDF70BD0097F732 /* Project object */;
}
